
Microsoft Visual Studio Solution File, Format Version 12.00
# Visual Studio Version 16
VisualStudioVersion = 16.0.30711.63
MinimumVisualStudioVersion = 10.0.40219.1
Project("{9A19103F-16F7-4668-BE54-9A1E7A4F7556}") = "Demo", "GraphQLinq.Demo\Demo.csproj", "{D7CE01EE-342B-4836-BD9E-9BBF09A25263}"
EndProject
Project("{9A19103F-16F7-4668-BE54-9A1E7A4F7556}") = "Client", "GraphQLinq.Client\Client.csproj", "{AD9AA002-9EA5-4AA9-A5BD-2CB73E95F60B}"
EndProject
Project("{9A19103F-16F7-4668-BE54-9A1E7A4F7556}") = "Tests", "GraphQLinq.Tests\Tests.csproj", "{2A292F0E-8ED7-4E4B-A03A-A0C1F6E8F8F8}"
EndProject
Project("{9A19103F-16F7-4668-BE54-9A1E7A4F7556}") = "Generated", "GraphQLinq.Generated\Generated.csproj", "{3BD98755-AE1B-41DC-A680-DA39B2B1AC4A}"
EndProject
Project("{9A19103F-16F7-4668-BE54-9A1E7A4F7556}") = "Scaffolding", "GraphQLinq.Scaffolding\Scaffolding.csproj", "{B16D1D38-3CC3-4F8E-BC7D-5620370662AE}"
EndProject
Global
	GlobalSection(SolutionConfigurationPlatforms) = preSolution
		Debug|Any CPU = Debug|Any CPU
		Release|Any CPU = Release|Any CPU
	EndGlobalSection
	GlobalSection(ProjectConfigurationPlatforms) = postSolution
		{D7CE01EE-342B-4836-BD9E-9BBF09A25263}.Debug|Any CPU.ActiveCfg = Debug|Any CPU
		{D7CE01EE-342B-4836-BD9E-9BBF09A25263}.Debug|Any CPU.Build.0 = Debug|Any CPU
		{D7CE01EE-342B-4836-BD9E-9BBF09A25263}.Release|Any CPU.ActiveCfg = Release|Any CPU
		{D7CE01EE-342B-4836-BD9E-9BBF09A25263}.Release|Any CPU.Build.0 = Release|Any CPU
		{AD9AA002-9EA5-4AA9-A5BD-2CB73E95F60B}.Debug|Any CPU.ActiveCfg = Debug|Any CPU
		{AD9AA002-9EA5-4AA9-A5BD-2CB73E95F60B}.Debug|Any CPU.Build.0 = Debug|Any CPU
		{AD9AA002-9EA5-4AA9-A5BD-2CB73E95F60B}.Release|Any CPU.ActiveCfg = Release|Any CPU
		{AD9AA002-9EA5-4AA9-A5BD-2CB73E95F60B}.Release|Any CPU.Build.0 = Release|Any CPU
		{2A292F0E-8ED7-4E4B-A03A-A0C1F6E8F8F8}.Debug|Any CPU.ActiveCfg = Debug|Any CPU
		{2A292F0E-8ED7-4E4B-A03A-A0C1F6E8F8F8}.Debug|Any CPU.Build.0 = Debug|Any CPU
		{2A292F0E-8ED7-4E4B-A03A-A0C1F6E8F8F8}.Release|Any CPU.ActiveCfg = Release|Any CPU
		{2A292F0E-8ED7-4E4B-A03A-A0C1F6E8F8F8}.Release|Any CPU.Build.0 = Release|Any CPU
		{3BD98755-AE1B-41DC-A680-DA39B2B1AC4A}.Debug|Any CPU.ActiveCfg = Debug|Any CPU
		{3BD98755-AE1B-41DC-A680-DA39B2B1AC4A}.Debug|Any CPU.Build.0 = Debug|Any CPU
		{3BD98755-AE1B-41DC-A680-DA39B2B1AC4A}.Release|Any CPU.ActiveCfg = Release|Any CPU
		{3BD98755-AE1B-41DC-A680-DA39B2B1AC4A}.Release|Any CPU.Build.0 = Release|Any CPU
		{B16D1D38-3CC3-4F8E-BC7D-5620370662AE}.Debug|Any CPU.ActiveCfg = Debug|Any CPU
		{B16D1D38-3CC3-4F8E-BC7D-5620370662AE}.Debug|Any CPU.Build.0 = Debug|Any CPU
		{B16D1D38-3CC3-4F8E-BC7D-5620370662AE}.Release|Any CPU.ActiveCfg = Release|Any CPU
		{B16D1D38-3CC3-4F8E-BC7D-5620370662AE}.Release|Any CPU.Build.0 = Release|Any CPU
	EndGlobalSection
	GlobalSection(SolutionProperties) = preSolution
		HideSolutionNode = FALSE
	EndGlobalSection
	GlobalSection(ExtensibilityGlobals) = postSolution
		SolutionGuid = {8C296DB2-F89F-43E3-8ADB-EAEFA266C843}
	EndGlobalSection
EndGlobal
